{
    "_readme": [
        "This file locks the dependencies of your project to a known state",
        "Read more about it at https://getcomposer.org/doc/01-basic-usage.md#installing-dependencies",
        "This file is @generated automatically"
    ],
    "content-hash": "ca98a8fba2a8603925c5539be2e0f330",
    "packages": [
        {
            "name": "spatie/pdf-to-text",
            "version": "1.54.0",
            "source": {
                "type": "git",
                "url": "https://github.com/spatie/pdf-to-text.git",
                "reference": "06dc9316dea63c74d7997da41f9fc08df97ba519"
            },
            "dist": {
                "type": "zip",
                "url": "https://api.github.com/repos/spatie/pdf-to-text/zipball/06dc9316dea63c74d7997da41f9fc08df97ba519",
                "reference": "06dc9316dea63c74d7997da41f9fc08df97ba519",
                "shasum": ""
            },
            "require": {
                "php": "^7.4|^8.0",
                "symfony/process": "^4.0|^5.0|^6.0|^7.0"
            },
            "require-dev": {
                "pestphp/pest-plugin-laravel": "^1.3",
                "phpunit/phpunit": "^9.5"
            },
            "type": "library",
            "autoload": {
                "psr-4": {
                    "Spatie\\PdfToText\\": "src"
                }
            },
            "notification-url": "https://packagist.org/downloads/",
            "license": [
                "MIT"
            ],
            "authors": [
                {
                    "name": "Freek Van der Herten",
                    "email": "freek@spatie.be",
                    "homepage": "https://spatie.be",
                    "role": "Developer"
                }
            ],
            "description": "Extract text from a pdf",
            "homepage": "https://github.com/spatie/pdf-to-text",
            "keywords": [
                "pdf-to-text",
                "spatie"
            ],
            "support": {
                "issues": "https://github.com/spatie/pdf-to-text/issues",
                "source": "https://github.com/spatie/pdf-to-text/tree/1.54.0"
            },
            "funding": [
                {
                    "url": "https://spatie.be/open-source/support-us",
                    "type": "custom"
                }
            ],
            "time": "2024-10-18T13:20:34+00:00"
        },
        {
            "name": "symfony/process",
            "version": "v7.2.0",
            "source": {
                "type": "git",
                "url": "https://github.com/symfony/process.git",
                "reference": "d34b22ba9390ec19d2dd966c40aa9e8462f27a7e"
            },
            "dist": {
                "type": "zip",
                "url": "https://api.github.com/repos/symfony/process/zipball/d34b22ba9390ec19d2dd966c40aa9e8462f27a7e",
                "reference": "d34b22ba9390ec19d2dd966c40aa9e8462f27a7e",
                "shasum": ""
            },
            "require": {
                "php": ">=8.2"
            },
            "type": "library",
            "autoload": {
                "psr-4": {
                    "Symfony\\Component\\Process\\": ""
                },
                "exclude-from-classmap": [
                    "/Tests/"
                ]
            },
            "notification-url": "https://packagist.org/downloads/",
            "license": [
                "MIT"
            ],
            "authors": [
                {
                    "name": "Fabien Potencier",
                    "email": "fabien@symfony.com"
                },
                {
                    "name": "Symfony Community",
                    "homepage": "https://symfony.com/contributors"
                }
            ],
            "description": "Executes commands in sub-processes",
            "homepage": "https://symfony.com",
            "support": {
                "source": "https://github.com/symfony/process/tree/v7.2.0"
            },
            "funding": [
                {
                    "url": "https://symfony.com/sponsor",
                    "type": "custom"
                },
                {
                    "url": "https://github.com/fabpot",
                    "type": "github"
                },
                {
                    "url": "https://tidelift.com/funding/github/packagist/symfony/symfony",
                    "type": "tidelift"
                }
            ],
            "time": "2024-11-06T14:24:19+00:00"
        }
    ],
    "packages-dev": [],
    "aliases": [],
    "minimum-stability": "stable",
    "stability-flags": [],
    "prefer-stable": false,
    "prefer-lowest": false,
    "platform": [],
    "platform-dev": [],
    "plugin-api-version": "2.6.0"
}
